// !$*UTF8*$!
{
	archiveVersion = 1;
	classes = {
	};
	objectVersion = 46;
	objects = {

/* Begin PBXBuildFile section */
		A46298C71DD07F4600928CFD /* AppDelegate.swift in Sources */ = {isa = PBXBuildFile; fileRef = A46298C61DD07F4600928CFD /* AppDelegate.swift */; };
		A46298CC1DD07F4600928CFD /* Main.storyboard in Resources */ = {isa = PBXBuildFile; fileRef = A46298CA1DD07F4600928CFD /* Main.storyboard */; };
		A46298CE1DD07F4600928CFD /* Assets.xcassets in Resources */ = {isa = PBXBuildFile; fileRef = A46298CD1DD07F4600928CFD /* Assets.xcassets */; };
		A46298D11DD07F4600928CFD /* LaunchScreen.storyboard in Resources */ = {isa = PBXBuildFile; fileRef = A46298CF1DD07F4600928CFD /* LaunchScreen.storyboard */; };
		A46298D91DD0802900928CFD /* Story.swift in Sources */ = {isa = PBXBuildFile; fileRef = A46298D81DD0802900928CFD /* Story.swift */; };
		A46298E11DD0BCB400928CFD /* madlib0_simple.txt in Resources */ = {isa = PBXBuildFile; fileRef = A46298DC1DD0BCB400928CFD /* madlib0_simple.txt */; };
		A46298E21DD0BCB400928CFD /* madlib1_tarzan.txt in Resources */ = {isa = PBXBuildFile; fileRef = A46298DD1DD0BCB400928CFD /* madlib1_tarzan.txt */; };
		A46298E31DD0BCB400928CFD /* madlib2_university.txt in Resources */ = {isa = PBXBuildFile; fileRef = A46298DE1DD0BCB400928CFD /* madlib2_university.txt */; };
		A46298E41DD0BCB400928CFD /* madlib3_clothes.txt in Resources */ = {isa = PBXBuildFile; fileRef = A46298DF1DD0BCB400928CFD /* madlib3_clothes.txt */; };
		A46298E51DD0BCB400928CFD /* madlib4_dance.txt in Resources */ = {isa = PBXBuildFile; fileRef = A46298E01DD0BCB400928CFD /* madlib4_dance.txt */; };
		A46D17F11DD519A2001DB75E /* README.MD in Sources */ = {isa = PBXBuildFile; fileRef = A46D17F01DD519A2001DB75E /* README.MD */; };
		A49FB5601DD523750075D4DA /* ViewController.swift in Sources */ = {isa = PBXBuildFile; fileRef = A49FB55F1DD523750075D4DA /* ViewController.swift */; };
		A4B0E56F1DD1F53200C159EC /* ThirdViewController.swift in Sources */ = {isa = PBXBuildFile; fileRef = A4B0E56E1DD1F53200C159EC /* ThirdViewController.swift */; };
		A4CB00A11DD5200800DB143D /* SecondViewController.swift in Sources */ = {isa = PBXBuildFile; fileRef = A4CB00A01DD5200800DB143D /* SecondViewController.swift */; };
/* End PBXBuildFile section */

/* Begin PBXFileReference section */
		A46298C31DD07F4600928CFD /* JasperScholten-pset2.app */ = {isa = PBXFileReference; explicitFileType = wrapper.application; includeInIndex = 0; path = "JasperScholten-pset2.app"; sourceTree = BUILT_PRODUCTS_DIR; };
		A46298C61DD07F4600928CFD /* AppDelegate.swift */ = {isa = PBXFileReference; lastKnownFileType = sourcecode.swift; path = AppDelegate.swift; sourceTree = "<group>"; };
		A46298CB1DD07F4600928CFD /* Base */ = {isa = PBXFileReference; lastKnownFileType = file.storyboard; name = Base; path = Base.lproj/Main.storyboard; sourceTree = "<group>"; };
		A46298CD1DD07F4600928CFD /* Assets.xcassets */ = {isa = PBXFileReference; lastKnownFileType = folder.assetcatalog; path = Assets.xcassets; sourceTree = "<group>"; };
		A46298D01DD07F4600928CFD /* Base */ = {isa = PBXFileReference; lastKnownFileType = file.storyboard; name = Base; path = Base.lproj/LaunchScreen.storyboard; sourceTree = "<group>"; };
		A46298D21DD07F4600928CFD /* Info.plist */ = {isa = PBXFileReference; lastKnownFileType = text.plist.xml; path = Info.plist; sourceTree = "<group>"; };
		A46298D81DD0802900928CFD /* Story.swift */ = {isa = PBXFileReference; fileEncoding = 4; lastKnownFileType = sourcecode.swift; path = Story.swift; sourceTree = "<group>"; };
		A46298DC1DD0BCB400928CFD /* madlib0_simple.txt */ = {isa = PBXFileReference; fileEncoding = 4; lastKnownFileType = text; name = madlib0_simple.txt; path = ../stories/madlib0_simple.txt; sourceTree = "<group>"; };
		A46298DD1DD0BCB400928CFD /* madlib1_tarzan.txt */ = {isa = PBXFileReference; fileEncoding = 4; lastKnownFileType = text; name = madlib1_tarzan.txt; path = ../stories/madlib1_tarzan.txt; sourceTree = "<group>"; };
		A46298DE1DD0BCB400928CFD /* madlib2_university.txt */ = {isa = PBXFileReference; fileEncoding = 4; lastKnownFileType = text; name = madlib2_university.txt; path = ../stories/madlib2_university.txt; sourceTree = "<group>"; };
		A46298DF1DD0BCB400928CFD /* madlib3_clothes.txt */ = {isa = PBXFileReference; fileEncoding = 4; lastKnownFileType = text; name = madlib3_clothes.txt; path = ../stories/madlib3_clothes.txt; sourceTree = "<group>"; };
		A46298E01DD0BCB400928CFD /* madlib4_dance.txt */ = {isa = PBXFileReference; fileEncoding = 4; lastKnownFileType = text; name = madlib4_dance.txt; path = ../stories/madlib4_dance.txt; sourceTree = "<group>"; };
		A46D17F01DD519A2001DB75E /* README.MD */ = {isa = PBXFileReference; fileEncoding = 4; lastKnownFileType = net.daringfireball.markdown; path = README.MD; sourceTree = "<group>"; };
		A49FB55F1DD523750075D4DA /* ViewController.swift */ = {isa = PBXFileReference; fileEncoding = 4; lastKnownFileType = sourcecode.swift; path = ViewController.swift; sourceTree = "<group>"; };
		A4B0E56E1DD1F53200C159EC /* ThirdViewController.swift */ = {isa = PBXFileReference; fileEncoding = 4; lastKnownFileType = sourcecode.swift; path = ThirdViewController.swift; sourceTree = "<group>"; };
		A4CB00A01DD5200800DB143D /* SecondViewController.swift */ = {isa = PBXFileReference; fileEncoding = 4; lastKnownFileType = sourcecode.swift; path = SecondViewController.swift; sourceTree = "<group>"; };
/* End PBXFileReference section */

/* Begin PBXFrameworksBuildPhase section */
		A46298C01DD07F4600928CFD /* Frameworks */ = {
			isa = PBXFrameworksBuildPhase;
			buildActionMask = 2147483647;
			files = (
			);
			runOnlyForDeploymentPostprocessing = 0;
		};
/* End PBXFrameworksBuildPhase section */

/* Begin PBXGroup section */
		A46298BA1DD07F4600928CFD = {
			isa = PBXGroup;
			children = (
				A46D17F01DD519A2001DB75E /* README.MD */,
				A46298C51DD07F4600928CFD /* JasperScholten-pset2 */,
				A46298C41DD07F4600928CFD /* Products */,
			);
			sourceTree = "<group>";
		};
		A46298C41DD07F4600928CFD /* Products */ = {
			isa = PBXGroup;
			children = (
				A46298C31DD07F4600928CFD /* JasperScholten-pset2.app */,
			);
			name = Products;
			sourceTree = "<group>";
		};
		A46298C51DD07F4600928CFD /* JasperScholten-pset2 */ = {
			isa = PBXGroup;
			children = (
				A46298C61DD07F4600928CFD /* AppDelegate.swift */,
				A46298D81DD0802900928CFD /* Story.swift */,
				A49FB55F1DD523750075D4DA /* ViewController.swift */,
				A4CB00A01DD5200800DB143D /* SecondViewController.swift */,
				A4B0E56E1DD1F53200C159EC /* ThirdViewController.swift */,
				A46298CA1DD07F4600928CFD /* Main.storyboard */,
				A46298CD1DD07F4600928CFD /* Assets.xcassets */,
				A46298CF1DD07F4600928CFD /* LaunchScreen.storyboard */,
				A46298D21DD07F4600928CFD /* Info.plist */,
				A46298DC1DD0BCB400928CFD /* madlib0_simple.txt */,
				A46298DD1DD0BCB400928CFD /* madlib1_tarzan.txt */,
				A46298DE1DD0BCB400928CFD /* madlib2_university.txt */,
				A46298DF1DD0BCB400928CFD /* madlib3_clothes.txt */,
				A46298E01DD0BCB400928CFD /* madlib4_dance.txt */,
			);
			path = "JasperScholten-pset2";
			sourceTree = "<group>";
		};
/* End PBXGroup section */

/* Begin PBXNativeTarget section */
		A46298C21DD07F4600928CFD /* JasperScholten-pset2 */ = {
			isa = PBXNativeTarget;
			buildConfigurationList = A46298D51DD07F4600928CFD /* Build configuration list for PBXNativeTarget "JasperScholten-pset2" */;
			buildPhases = (
				A46298BF1DD07F4600928CFD /* Sources */,
				A46298C01DD07F4600928CFD /* Frameworks */,
				A46298C11DD07F4600928CFD /* Resources */,
			);
			buildRules = (
			);
			dependencies = (
			);
			name = "JasperScholten-pset2";
			productName = "JasperScholten-pset2";
			productReference = A46298C31DD07F4600928CFD /* JasperScholten-pset2.app */;
			productType = "com.apple.product-type.application";
		};
/* End PBXNativeTarget section */

/* Begin PBXProject section */
		A46298BB1DD07F4600928CFD /* Project object */ = {
			isa = PBXProject;
			attributes = {
				LastSwiftUpdateCheck = 0810;
				LastUpgradeCheck = 0810;
				ORGANIZATIONNAME = "Jasper Scholten";
				TargetAttributes = {
					A46298C21DD07F4600928CFD = {
						CreatedOnToolsVersion = 8.1;
						ProvisioningStyle = Automatic;
					};
				};
			};
			buildConfigurationList = A46298BE1DD07F4600928CFD /* Build configuration list for PBXProject "JasperScholten-pset2" */;
			compatibilityVersion = "Xcode 3.2";
			developmentRegion = English;
			hasScannedForEncodings = 0;
			knownRegions = (
				en,
				Base,
			);
			mainGroup = A46298BA1DD07F4600928CFD;
			productRefGroup = A46298C41DD07F4600928CFD /* Products */;
			projectDirPath = "";
			projectRoot = "";
			targets = (
				A46298C21DD07F4600928CFD /* JasperScholten-pset2 */,
			);
		};
/* End PBXProject section */

/* Begin PBXResourcesBuildPhase section */
		A46298C11DD07F4600928CFD /* Resources */ = {
			isa = PBXResourcesBuildPhase;
			buildActionMask = 2147483647;
			files = (
				A46298D11DD07F4600928CFD /* LaunchScreen.storyboard in Resources */,
				A46298E41DD0BCB400928CFD /* madlib3_clothes.txt in Resources */,
				A46298E21DD0BCB400928CFD /* madlib1_tarzan.txt in Resources */,
				A46298CE1DD07F4600928CFD /* Assets.xcassets in Resources */,
				A46298E11DD0BCB400928CFD /* madlib0_simple.txt in Resources */,
				A46298E31DD0BCB400928CFD /* madlib2_university.txt in Resources */,
				A46298E51DD0BCB400928CFD /* madlib4_dance.txt in Resources */,
				A46298CC1DD07F4600928CFD /* Main.storyboard in Resources */,
			);
			runOnlyForDeploymentPostprocessing = 0;
		};
/* End PBXResourcesBuildPhase section */

/* Begin PBXSourcesBuildPhase section */
		A46298BF1DD07F4600928CFD /* Sources */ = {
			isa = PBXSourcesBuildPhase;
			buildActionMask = 2147483647;
			files = (
				A49FB5601DD523750075D4DA /* ViewController.swift in Sources */,
				A4CB00A11DD5200800DB143D /* SecondViewController.swift in Sources */,
				A46D17F11DD519A2001DB75E /* README.MD in Sources */,
				A4B0E56F1DD1F53200C159EC /* ThirdViewController.swift in Sources */,
				A46298C71DD07F4600928CFD /* AppDelegate.swift in Sources */,
				A46298D91DD0802900928CFD /* Story.swift in Sources */,
			);
			runOnlyForDeploymentPostprocessing = 0;
		};
/* End PBXSourcesBuildPhase section */

/* Begin PBXVariantGroup section */
		A46298CA1DD07F4600928CFD /* Main.storyboard */ = {
			isa = PBXVariantGroup;
			children = (
				A46298CB1DD07F4600928CFD /* Base */,
			);
			name = Main.storyboard;
			sourceTree = "<group>";
		};
		A46298CF1DD07F4600928CFD /* LaunchScreen.storyboard */ = {
			isa = PBXVariantGroup;
			children = (
				A46298D01DD07F4600928CFD /* Base */,
			);
			name = LaunchScreen.storyboard;
			sourceTree = "<group>";
		};
/* End PBXVariantGroup section */

/* Begin XCBuildConfiguration section */
		A46298D31DD07F4600928CFD /* Debug */ = {
			isa = XCBuildConfiguration;
			buildSettings = {
				ALWAYS_SEARCH_USER_PATHS = NO;
				CLANG_ANALYZER_NONNULL = YES;
				CLANG_CXX_LANGUAGE_STANDARD = "gnu++0x";
				CLANG_CXX_LIBRARY = "libc++";
				CLANG_ENABLE_MODULES = YES;
				CLANG_ENABLE_OBJC_ARC = YES;
				CLANG_WARN_BOOL_CONVERSION = YES;
				CLANG_WARN_CONSTANT_CONVERSION = YES;
				CLANG_WARN_DIRECT_OBJC_ISA_USAGE = YES_ERROR;
				CLANG_WARN_DOCUMENTATION_COMMENTS = YES;
				CLANG_WARN_EMPTY_BODY = YES;
				CLANG_WARN_ENUM_CONVERSION = YES;
				CLANG_WARN_INFINITE_RECURSION = YES;
				CLANG_WARN_INT_CONVERSION = YES;
				CLANG_WARN_OBJC_ROOT_CLASS = YES_ERROR;
				CLANG_WARN_SUSPICIOUS_MOVES = YES;
				CLANG_WARN_UNREACHABLE_CODE = YES;
				CLANG_WARN__DUPLICATE_METHOD_MATCH = YES;
				"CODE_SIGN_IDENTITY[sdk=iphoneos*]" = "iPhone Developer";
				COPY_PHASE_STRIP = NO;
				DEBUG_INFORMATION_FORMAT = dwarf;
				ENABLE_STRICT_OBJC_MSGSEND = YES;
				ENABLE_TESTABILITY = YES;
				GCC_C_LANGUAGE_STANDARD = gnu99;
				GCC_DYNAMIC_NO_PIC = NO;
				GCC_NO_COMMON_BLOCKS = YES;
				GCC_OPTIMIZATION_LEVEL = 0;
				GCC_PREPROCESSOR_DEFINITIONS = (
					"DEBUG=1",
					"$(inherited)",
				);
				GCC_WARN_64_TO_32_BIT_CONVERSION = YES;
				GCC_WARN_ABOUT_RETURN_TYPE = YES_ERROR;
				GCC_WARN_UNDECLARED_SELECTOR = YES;
				GCC_WARN_UNINITIALIZED_AUTOS = YES_AGGRESSIVE;
				GCC_WARN_UNUSED_FUNCTION = YES;
				GCC_WARN_UNUSED_VARIABLE = YES;
				IPHONEOS_DEPLOYMENT_TARGET = 10.1;
				MTL_ENABLE_DEBUG_INFO = YES;
				ONLY_ACTIVE_ARCH = YES;
				SDKROOT = iphoneos;
				SWIFT_ACTIVE_COMPILATION_CONDITIONS = DEBUG;
				SWIFT_OPTIMIZATION_LEVEL = "-Onone";
				TARGETED_DEVICE_FAMILY = "1,2";
			};
			name = Debug;
		};
		A46298D41DD07F4600928CFD /* Release */ = {
			isa = XCBuildConfiguration;
			buildSettings = {
				ALWAYS_SEARCH_USER_PATHS = NO;
				CLANG_ANALYZER_NONNULL = YES;
				CLANG_CXX_LANGUAGE_STANDARD = "gnu++0x";
				CLANG_CXX_LIBRARY = "libc++";
				CLANG_ENABLE_MODULES = YES;
				CLANG_ENABLE_OBJC_ARC = YES;
				CLANG_WARN_BOOL_CONVERSION = YES;
				CLANG_WARN_CONSTANT_CONVERSION = YES;
				CLANG_WARN_DIRECT_OBJC_ISA_USAGE = YES_ERROR;
				CLANG_WARN_DOCUMENTATION_COMMENTS = YES;
				CLANG_WARN_EMPTY_BODY = YES;
				CLANG_WARN_ENUM_CONVERSION = YES;
				CLANG_WARN_INFINITE_RECURSION = YES;
				CLANG_WARN_INT_CONVERSION = YES;
				CLANG_WARN_OBJC_ROOT_CLASS = YES_ERROR;
				CLANG_WARN_SUSPICIOUS_MOVES = YES;
				CLANG_WARN_UNREACHABLE_CODE = YES;
				CLANG_WARN__DUPLICATE_METHOD_MATCH = YES;
				"CODE_SIGN_IDENTITY[sdk=iphoneos*]" = "iPhone Developer";
				COPY_PHASE_STRIP = NO;
				DEBUG_INFORMATION_FORMAT = "dwarf-with-dsym";
				ENABLE_NS_ASSERTIONS = NO;
				ENABLE_STRICT_OBJC_MSGSEND = YES;
				GCC_C_LANGUAGE_STANDARD = gnu99;
				GCC_NO_COMMON_BLOCKS = YES;
				GCC_WARN_64_TO_32_BIT_CONVERSION = YES;
				GCC_WARN_ABOUT_RETURN_TYPE = YES_ERROR;
				GCC_WARN_UNDECLARED_SELECTOR = YES;
				GCC_WARN_UNINITIALIZED_AUTOS = YES_AGGRESSIVE;
				GCC_WARN_UNUSED_FUNCTION = YES;
				GCC_WARN_UNUSED_VARIABLE = YES;
				IPHONEOS_DEPLOYMENT_TARGET = 10.1;
				MTL_ENABLE_DEBUG_INFO = NO;
				SDKROOT = iphoneos;
				SWIFT_OPTIMIZATION_LEVEL = "-Owholemodule";
				TARGETED_DEVICE_FAMILY = "1,2";
				VALIDATE_PRODUCT = YES;
			};
			name = Release;
		};
		A46298D61DD07F4600928CFD /* Debug */ = {
			isa = XCBuildConfiguration;
			buildSettings = {
				ASSETCATALOG_COMPILER_APPICON_NAME = AppIcon;
				INFOPLIST_FILE = "JasperScholten-pset2/Info.plist";
				LD_RUNPATH_SEARCH_PATHS = "$(inherited) @executable_path/Frameworks";
				PRODUCT_BUNDLE_IDENTIFIER = "nl.mprog.JasperScholten-pset2";
				PRODUCT_NAME = "$(TARGET_NAME)";
				SWIFT_VERSION = 3.0;
			};
			name = Debug;
		};
		A46298D71DD07F4600928CFD /* Release */ = {
			isa = XCBuildConfiguration;
			buildSettings = {
				ASSETCATALOG_COMPILER_APPICON_NAME = AppIcon;
				INFOPLIST_FILE = "JasperScholten-pset2/Info.plist";
				LD_RUNPATH_SEARCH_PATHS = "$(inherited) @executable_path/Frameworks";
				PRODUCT_BUNDLE_IDENTIFIER = "nl.mprog.JasperScholten-pset2";
				PRODUCT_NAME = "$(TARGET_NAME)";
				SWIFT_VERSION = 3.0;
			};
			name = Release;
		};
/* End XCBuildConfiguration section */

/* Begin XCConfigurationList section */
		A46298BE1DD07F4600928CFD /* Build configuration list for PBXProject "JasperScholten-pset2" */ = {
			isa = XCConfigurationList;
			buildConfigurations = (
				A46298D31DD07F4600928CFD /* Debug */,
				A46298D41DD07F4600928CFD /* Release */,
			);
			defaultConfigurationIsVisible = 0;
			defaultConfigurationName = Release;
		};
		A46298D51DD07F4600928CFD /* Build configuration list for PBXNativeTarget "JasperScholten-pset2" */ = {
			isa = XCConfigurationList;
			buildConfigurations = (
				A46298D61DD07F4600928CFD /* Debug */,
				A46298D71DD07F4600928CFD /* Release */,
			);
			defaultConfigurationIsVisible = 0;
			defaultConfigurationName = Release;
		};
/* End XCConfigurationList section */
	};
	rootObject = A46298BB1DD07F4600928CFD /* Project object */;
}
